
Microsoft Visual Studio Solution File, Format Version 12.00
# Visual Studio Version 17
VisualStudioVersion = 17.4.33103.184
MinimumVisualStudioVersion = 10.0.40219.1
Project("{9A19103F-16F7-4668-BE54-9A1E7A4F7556}") = "PRJ.Utility", "PRJ.Utility\PRJ.Utility.csproj", "{17631E4F-0D86-4A70-B055-740DCF28CD7A}"
EndProject
Project("{9A19103F-16F7-4668-BE54-9A1E7A4F7556}") = "PRJ.Repository", "PRJ.Repository\PRJ.Repository.csproj", "{B693C0D4-FDB2-448D-9E1D-70D75D80AA00}"
EndProject
Project("{9A19103F-16F7-4668-BE54-9A1E7A4F7556}") = "PRJ.DataAccess", "PRJ.DataAccess\PRJ.DataAccess.csproj", "{12DE3F56-5E9D-46C2-9255-237D47E78FB2}"
EndProject
Project("{9A19103F-16F7-4668-BE54-9A1E7A4F7556}") = "PRJ.Service", "PRJ.Service\PRJ.Service.csproj", "{EB81E87E-9F77-4F44-BD09-9E5993F38016}"
EndProject
Project("{9A19103F-16F7-4668-BE54-9A1E7A4F7556}") = "PRJ.API", "PRJ.API\PRJ.API.csproj", "{01F48E56-8800-43D6-B396-90E4CA95F3F8}"
EndProject
Global
	GlobalSection(SolutionConfigurationPlatforms) = preSolution
		Debug|Any CPU = Debug|Any CPU
		Release|Any CPU = Release|Any CPU
	EndGlobalSection
	GlobalSection(ProjectConfigurationPlatforms) = postSolution
		{17631E4F-0D86-4A70-B055-740DCF28CD7A}.Debug|Any CPU.ActiveCfg = Debug|Any CPU
		{17631E4F-0D86-4A70-B055-740DCF28CD7A}.Debug|Any CPU.Build.0 = Debug|Any CPU
		{17631E4F-0D86-4A70-B055-740DCF28CD7A}.Release|Any CPU.ActiveCfg = Release|Any CPU
		{17631E4F-0D86-4A70-B055-740DCF28CD7A}.Release|Any CPU.Build.0 = Release|Any CPU
		{B693C0D4-FDB2-448D-9E1D-70D75D80AA00}.Debug|Any CPU.ActiveCfg = Debug|Any CPU
		{B693C0D4-FDB2-448D-9E1D-70D75D80AA00}.Debug|Any CPU.Build.0 = Debug|Any CPU
		{B693C0D4-FDB2-448D-9E1D-70D75D80AA00}.Release|Any CPU.ActiveCfg = Release|Any CPU
		{B693C0D4-FDB2-448D-9E1D-70D75D80AA00}.Release|Any CPU.Build.0 = Release|Any CPU
		{12DE3F56-5E9D-46C2-9255-237D47E78FB2}.Debug|Any CPU.ActiveCfg = Debug|Any CPU
		{12DE3F56-5E9D-46C2-9255-237D47E78FB2}.Debug|Any CPU.Build.0 = Debug|Any CPU
		{12DE3F56-5E9D-46C2-9255-237D47E78FB2}.Release|Any CPU.ActiveCfg = Release|Any CPU
		{12DE3F56-5E9D-46C2-9255-237D47E78FB2}.Release|Any CPU.Build.0 = Release|Any CPU
		{EB81E87E-9F77-4F44-BD09-9E5993F38016}.Debug|Any CPU.ActiveCfg = Debug|Any CPU
		{EB81E87E-9F77-4F44-BD09-9E5993F38016}.Debug|Any CPU.Build.0 = Debug|Any CPU
		{EB81E87E-9F77-4F44-BD09-9E5993F38016}.Release|Any CPU.ActiveCfg = Release|Any CPU
		{EB81E87E-9F77-4F44-BD09-9E5993F38016}.Release|Any CPU.Build.0 = Release|Any CPU
		{01F48E56-8800-43D6-B396-90E4CA95F3F8}.Debug|Any CPU.ActiveCfg = Debug|Any CPU
		{01F48E56-8800-43D6-B396-90E4CA95F3F8}.Debug|Any CPU.Build.0 = Debug|Any CPU
		{01F48E56-8800-43D6-B396-90E4CA95F3F8}.Release|Any CPU.ActiveCfg = Release|Any CPU
		{01F48E56-8800-43D6-B396-90E4CA95F3F8}.Release|Any CPU.Build.0 = Release|Any CPU
	EndGlobalSection
	GlobalSection(SolutionProperties) = preSolution
		HideSolutionNode = FALSE
	EndGlobalSection
	GlobalSection(ExtensibilityGlobals) = postSolution
		SolutionGuid = {42852FB5-C844-4B66-833F-88AC282D30DC}
	EndGlobalSection
EndGlobal
